
Microsoft Visual Studio Solution File, Format Version 12.00
# Visual Studio 15
Project("{FAE04EC0-301F-11D3-BF4B-00C04F79EFBC}") = "Assembly-CSharp", "Assembly-CSharp.csproj", "{AB5DA972-9D04-6EBD-6A5E-01DE73A3DB9B}"
EndProject
Project("{FAE04EC0-301F-11D3-BF4B-00C04F79EFBC}") = "Assembly-CSharp-firstpass", "Assembly-CSharp-firstpass.csproj", "{9ACABD82-27B9-292B-4741-C1EE7A287592}"
EndProject
Project("{FAE04EC0-301F-11D3-BF4B-00C04F79EFBC}") = "Assembly-CSharp-Editor", "Assembly-CSharp-Editor.csproj", "{A0340CFF-8C0C-A3B9-A2EB-F1C4561B42AD}"
EndProject
Global
	GlobalSection(SolutionConfigurationPlatforms) = preSolution
		Debug|Any CPU = Debug|Any CPU
		Release|Any CPU = Release|Any CPU
	EndGlobalSection
	GlobalSection(ProjectConfigurationPlatforms) = postSolution
		{AB5DA972-9D04-6EBD-6A5E-01DE73A3DB9B}.Debug|Any CPU.ActiveCfg = Debug|Any CPU
		{AB5DA972-9D04-6EBD-6A5E-01DE73A3DB9B}.Debug|Any CPU.Build.0 = Debug|Any CPU
		{AB5DA972-9D04-6EBD-6A5E-01DE73A3DB9B}.Release|Any CPU.ActiveCfg = Release|Any CPU
		{AB5DA972-9D04-6EBD-6A5E-01DE73A3DB9B}.Release|Any CPU.Build.0 = Release|Any CPU
		{9ACABD82-27B9-292B-4741-C1EE7A287592}.Debug|Any CPU.ActiveCfg = Debug|Any CPU
		{9ACABD82-27B9-292B-4741-C1EE7A287592}.Debug|Any CPU.Build.0 = Debug|Any CPU
		{9ACABD82-27B9-292B-4741-C1EE7A287592}.Release|Any CPU.ActiveCfg = Release|Any CPU
		{9ACABD82-27B9-292B-4741-C1EE7A287592}.Release|Any CPU.Build.0 = Release|Any CPU
		{A0340CFF-8C0C-A3B9-A2EB-F1C4561B42AD}.Debug|Any CPU.ActiveCfg = Debug|Any CPU
		{A0340CFF-8C0C-A3B9-A2EB-F1C4561B42AD}.Debug|Any CPU.Build.0 = Debug|Any CPU
		{A0340CFF-8C0C-A3B9-A2EB-F1C4561B42AD}.Release|Any CPU.ActiveCfg = Release|Any CPU
		{A0340CFF-8C0C-A3B9-A2EB-F1C4561B42AD}.Release|Any CPU.Build.0 = Release|Any CPU
	EndGlobalSection
	GlobalSection(SolutionProperties) = preSolution
		HideSolutionNode = FALSE
	EndGlobalSection
EndGlobal
